[[package]]
category = "main"
description = "An unladen web framework for building APIs and app backends."
name = "falcon"
optional = false
python-versions = ">=2.7, !=3.0.*, !=3.1.*, !=3.2.*, !=3.3.*"
version = "2.0.0"

[[package]]
category = "main"
description = "WSGI HTTP Server for UNIX"
name = "gunicorn"
optional = false
python-versions = ">=3.4"
version = "20.0.4"

[package.dependencies]
setuptools = ">=3.0"

[package.extras]
eventlet = ["eventlet (>=0.9.7)"]
gevent = ["gevent (>=0.13)"]
setproctitle = ["setproctitle"]
tornado = ["tornado (>=0.2)"]

[[package]]
category = "main"
description = "Data validation and settings management using python 3.6 type hinting"
name = "pydantic"
optional = false
python-versions = ">=3.6"
version = "1.6"

[package.extras]
dotenv = ["python-dotenv (>=0.10.4)"]
email = ["email-validator (>=1.0.3)"]
typing_extensions = ["typing-extensions (>=3.7.2)"]

[metadata]
content-hash = "ba1fac860d920f0ea62620ce948a5db9f5e0cd1ae0302365a6d2434fe252064a"
python-versions = "^3.7"

[metadata.files]
falcon = [
    {file = "falcon-2.0.0-cp27-cp27m-manylinux1_i686.whl", hash = "sha256:733033ec80c896e30a43ab3e776856096836787197a44eb21022320a61311983"},
    {file = "falcon-2.0.0-cp27-cp27m-manylinux1_x86_64.whl", hash = "sha256:f93351459f110b4c1ee28556aef9a791832df6f910bea7b3f616109d534df06b"},
    {file = "falcon-2.0.0-cp27-cp27mu-manylinux1_i686.whl", hash = "sha256:e9efa0791b5d9f9dd9689015ea6bce0a27fcd5ecbcd30e6d940bffa4f7f03389"},
    {file = "falcon-2.0.0-cp27-cp27mu-manylinux1_x86_64.whl", hash = "sha256:59d1e8c993b9a37ea06df9d72cf907a46cc8063b30717cdac2f34d1658b6f936"},
    {file = "falcon-2.0.0-cp34-cp34m-manylinux1_i686.whl", hash = "sha256:a5ebb22a04c9cc65081938ee7651b4e3b4d2a28522ea8ec04c7bdd2b3e9e8cd8"},
    {file = "falcon-2.0.0-cp34-cp34m-manylinux1_x86_64.whl", hash = "sha256:95bf6ce986c1119aef12c9b348f4dee9c6dcc58391bdd0bc2b0bf353c2b15986"},
    {file = "falcon-2.0.0-cp35-cp35m-manylinux1_i686.whl", hash = "sha256:aa184895d1ad4573fbfaaf803563d02f019ebdf4790e41cc568a330607eae439"},
    {file = "falcon-2.0.0-cp35-cp35m-manylinux1_x86_64.whl", hash = "sha256:74cf1d18207381c665b9e6292d65100ce146d958707793174b03869dc6e614f4"},
    {file = "falcon-2.0.0-cp36-cp36m-manylinux1_i686.whl", hash = "sha256:24adcd2b29a8ffa9d552dc79638cd21736a3fb04eda7d102c6cebafdaadb88ad"},
    {file = "falcon-2.0.0-cp36-cp36m-manylinux1_x86_64.whl", hash = "sha256:18157af2a4fc3feedf2b5dcc6196f448639acf01c68bc33d4d5a04c3ef87f494"},
    {file = "falcon-2.0.0-cp37-cp37m-manylinux1_i686.whl", hash = "sha256:e3782b7b92fefd46a6ad1fd8fe63fe6c6f1b7740a95ca56957f48d1aee34b357"},
    {file = "falcon-2.0.0-cp37-cp37m-manylinux1_x86_64.whl", hash = "sha256:9712975adcf8c6e12876239085ad757b8fdeba223d46d23daef82b47658f83a9"},
    {file = "falcon-2.0.0-py2.py3-none-any.whl", hash = "sha256:54f2cb4b687035b2a03206dbfc538055cc48b59a953187b0458aa1b574d47b53"},
    {file = "falcon-2.0.0.tar.gz", hash = "sha256:eea593cf466b9c126ce667f6d30503624ef24459f118c75594a69353b6c3d5fc"},
]
gunicorn = [
    {file = "gunicorn-20.0.4-py2.py3-none-any.whl", hash = "sha256:cd4a810dd51bf497552cf3f863b575dabd73d6ad6a91075b65936b151cbf4f9c"},
    {file = "gunicorn-20.0.4.tar.gz", hash = "sha256:1904bb2b8a43658807108d59c3f3d56c2b6121a701161de0ddf9ad140073c626"},
]
pydantic = [
    {file = "pydantic-1.6-cp36-cp36m-macosx_10_9_x86_64.whl", hash = "sha256:a12e2fc2f5529b6aeb956f30a2b5efe46283b69e965888cd683cd1a04d75a1b8"},
    {file = "pydantic-1.6-cp36-cp36m-manylinux1_i686.whl", hash = "sha256:61e3cde8e7b8517615da5341e0b28cc01de507e7ac9174c3c0e95069482dcbeb"},
    {file = "pydantic-1.6-cp36-cp36m-manylinux2014_i686.whl", hash = "sha256:4aa11a8a65fa891489d9e4e8f05299d80b000c554ce18b03bb1b5f0afe5b73f4"},
    {file = "pydantic-1.6-cp36-cp36m-manylinux2014_x86_64.whl", hash = "sha256:aedd4df265600889907d2c74dc0432709b0ac91712f85f3ffa605b40a00f2577"},
    {file = "pydantic-1.6-cp36-cp36m-win_amd64.whl", hash = "sha256:1c97f90056c2811d58a6343f6352820c531e822941303a16ccebb77bbdcd4a98"},
    {file = "pydantic-1.6-cp37-cp37m-macosx_10_9_x86_64.whl", hash = "sha256:d88e55dc77241e2b78139dac33ad5edc3fd78b0c6e635824e4eeba6679371707"},
    {file = "pydantic-1.6-cp37-cp37m-manylinux1_i686.whl", hash = "sha256:dd78ccb5cfe26ae6bc3d2a1b47b18a5267f88be43cb768aa6bea470c4ac17099"},
    {file = "pydantic-1.6-cp37-cp37m-manylinux2014_i686.whl", hash = "sha256:82242b0458b0a5bad0c15c36d461b2bd99eec2d807c0c5263f802ba30cb856f0"},
    {file = "pydantic-1.6-cp37-cp37m-manylinux2014_x86_64.whl", hash = "sha256:df5c511b8af11834b3061b33211e0aefb4fb8e2f94b939aa51d844cae22bad5c"},
    {file = "pydantic-1.6-cp37-cp37m-win_amd64.whl", hash = "sha256:b1c229e595b53d1397435fb7433c841c5bc4032ba81f901156124b9d077b5f6a"},
    {file = "pydantic-1.6-cp38-cp38-macosx_10_9_x86_64.whl", hash = "sha256:6ea91ec880de48699c4a01aa92ac8c3a71363bb6833bf031cb6aa2b99567d5ab"},
    {file = "pydantic-1.6-cp38-cp38-manylinux1_i686.whl", hash = "sha256:2b49f9ecefcdee47f6b70fd475160eeda01c28507137d9c1ed41a758d231c060"},
    {file = "pydantic-1.6-cp38-cp38-manylinux2014_i686.whl", hash = "sha256:8154df22783601d9693712d1cee284c596cdb5d6817f57c1624bcb54e4611eba"},
    {file = "pydantic-1.6-cp38-cp38-manylinux2014_x86_64.whl", hash = "sha256:de093dcf6a8c6a2f92f8ac28b713b9f4ad80f1e664bdc9232ad06ac912c559fc"},
    {file = "pydantic-1.6-cp38-cp38-win_amd64.whl", hash = "sha256:1ab625f56534edd1ecec5871e0777c9eee1c7b38f1963d97c4a78b09daf89526"},
    {file = "pydantic-1.6-py36.py37.py38-none-any.whl", hash = "sha256:390844ede21e29e762c0017e46b4105edee9dcdc0119ce1aa8ab6fe58448bd2f"},
    {file = "pydantic-1.6.tar.gz", hash = "sha256:1998e5f783c37853c6dfc1e6ba3a0cc486798b26920822b569ea883b38fd39eb"},
]
